// !$*UTF8*$!
{
	archiveVersion = 1;
	classes = {
	};
	objectVersion = 46;
	objects = {

/* Begin PBXBuildFile section */
		00DFD05A1C22FF9800D79019 /* libCloudPlugsRestClient.a in Frameworks */ = {isa = PBXBuildFile; fileRef = 00DFD0591C22FF9800D79019 /* libCloudPlugsRestClient.a */; };
		52E04B1E191D2C2400C6587A /* Foundation.framework in Frameworks */ = {isa = PBXBuildFile; fileRef = 52E04B1D191D2C2400C6587A /* Foundation.framework */; };
		52E04B21191D2C2400C6587A /* main.m in Sources */ = {isa = PBXBuildFile; fileRef = 52E04B20191D2C2400C6587A /* main.m */; };
		52E04B25191D2C2400C6587A /* OSXBasicExample.1 in Copy Files */ = {isa = PBXBuildFile; fileRef = 52E04B24191D2C2400C6587A /* OSXBasicExample.1 */; };
/* End PBXBuildFile section */

/* Begin PBXCopyFilesBuildPhase section */
		52E04B18191D2C2400C6587A /* Copy Files */ = {
			isa = PBXCopyFilesBuildPhase;
			buildActionMask = 2147483647;
			dstPath = /usr/share/man/man1/;
			dstSubfolderSpec = 0;
			files = (
				52E04B25191D2C2400C6587A /* OSXBasicExample.1 in Copy Files */,
			);
			name = "Copy Files";
			runOnlyForDeploymentPostprocessing = 1;
		};
/* End PBXCopyFilesBuildPhase section */

/* Begin PBXFileReference section */
		00DFD0591C22FF9800D79019 /* libCloudPlugsRestClient.a */ = {isa = PBXFileReference; lastKnownFileType = archive.ar; name = libCloudPlugsRestClient.a; path = ../build/UninstalledProducts/macosx/libCloudPlugsRestClient.a; sourceTree = "<group>"; };
		52E04B1A191D2C2400C6587A /* OSXBasicExample */ = {isa = PBXFileReference; explicitFileType = "compiled.mach-o.executable"; includeInIndex = 0; path = OSXBasicExample; sourceTree = BUILT_PRODUCTS_DIR; };
		52E04B1D191D2C2400C6587A /* Foundation.framework */ = {isa = PBXFileReference; lastKnownFileType = wrapper.framework; name = Foundation.framework; path = System/Library/Frameworks/Foundation.framework; sourceTree = SDKROOT; };
		52E04B20191D2C2400C6587A /* main.m */ = {isa = PBXFileReference; lastKnownFileType = sourcecode.c.objc; path = main.m; sourceTree = "<group>"; };
		52E04B23191D2C2400C6587A /* OSXBasicExample-Prefix.pch */ = {isa = PBXFileReference; lastKnownFileType = sourcecode.c.h; path = "OSXBasicExample-Prefix.pch"; sourceTree = "<group>"; };
		52E04B24191D2C2400C6587A /* OSXBasicExample.1 */ = {isa = PBXFileReference; lastKnownFileType = text.man; path = OSXBasicExample.1; sourceTree = "<group>"; };
/* End PBXFileReference section */

/* Begin PBXFrameworksBuildPhase section */
		52E04B17191D2C2400C6587A /* Frameworks */ = {
			isa = PBXFrameworksBuildPhase;
			buildActionMask = 2147483647;
			files = (
				00DFD05A1C22FF9800D79019 /* libCloudPlugsRestClient.a in Frameworks */,
				52E04B1E191D2C2400C6587A /* Foundation.framework in Frameworks */,
			);
			runOnlyForDeploymentPostprocessing = 0;
		};
/* End PBXFrameworksBuildPhase section */

/* Begin PBXGroup section */
		52E04B11191D2C2400C6587A = {
			isa = PBXGroup;
			children = (
				52E04B1F191D2C2400C6587A /* OSXBasicExample */,
				52E04B1C191D2C2400C6587A /* Frameworks */,
				52E04B1B191D2C2400C6587A /* Products */,
			);
			sourceTree = "<group>";
		};
		52E04B1B191D2C2400C6587A /* Products */ = {
			isa = PBXGroup;
			children = (
				52E04B1A191D2C2400C6587A /* OSXBasicExample */,
			);
			name = Products;
			sourceTree = "<group>";
		};
		52E04B1C191D2C2400C6587A /* Frameworks */ = {
			isa = PBXGroup;
			children = (
				00DFD0591C22FF9800D79019 /* libCloudPlugsRestClient.a */,
				52E04B1D191D2C2400C6587A /* Foundation.framework */,
			);
			name = Frameworks;
			sourceTree = "<group>";
		};
		52E04B1F191D2C2400C6587A /* OSXBasicExample */ = {
			isa = PBXGroup;
			children = (
				52E04B20191D2C2400C6587A /* main.m */,
				52E04B24191D2C2400C6587A /* OSXBasicExample.1 */,
				52E04B22191D2C2400C6587A /* Supporting Files */,
			);
			path = OSXBasicExample;
			sourceTree = "<group>";
		};
		52E04B22191D2C2400C6587A /* Supporting Files */ = {
			isa = PBXGroup;
			children = (
				52E04B23191D2C2400C6587A /* OSXBasicExample-Prefix.pch */,
			);
			name = "Supporting Files";
			sourceTree = "<group>";
		};
/* End PBXGroup section */

/* Begin PBXNativeTarget section */
		52E04B19191D2C2400C6587A /* OSXBasicExample */ = {
			isa = PBXNativeTarget;
			buildConfigurationList = 52E04B28191D2C2400C6587A /* Build configuration list for PBXNativeTarget "OSXBasicExample" */;
			buildPhases = (
				52E04B16191D2C2400C6587A /* Sources */,
				52E04B17191D2C2400C6587A /* Frameworks */,
				52E04B18191D2C2400C6587A /* Copy Files */,
			);
			buildRules = (
			);
			dependencies = (
			);
			name = OSXBasicExample;
			productName = OSXBasicExample;
			productReference = 52E04B1A191D2C2400C6587A /* OSXBasicExample */;
			productType = "com.apple.product-type.tool";
		};
/* End PBXNativeTarget section */

/* Begin PBXProject section */
		52E04B12191D2C2400C6587A /* Project object */ = {
			isa = PBXProject;
			attributes = {
				LastUpgradeCheck = 0510;
				ORGANIZATIONNAME = CloudPlugs;
			};
			buildConfigurationList = 52E04B15191D2C2400C6587A /* Build configuration list for PBXProject "OSXBasicExample" */;
			compatibilityVersion = "Xcode 3.2";
			developmentRegion = English;
			hasScannedForEncodings = 0;
			knownRegions = (
				en,
			);
			mainGroup = 52E04B11191D2C2400C6587A;
			productRefGroup = 52E04B1B191D2C2400C6587A /* Products */;
			projectDirPath = "";
			projectRoot = "";
			targets = (
				52E04B19191D2C2400C6587A /* OSXBasicExample */,
			);
		};
/* End PBXProject section */

/* Begin PBXSourcesBuildPhase section */
		52E04B16191D2C2400C6587A /* Sources */ = {
			isa = PBXSourcesBuildPhase;
			buildActionMask = 2147483647;
			files = (
				52E04B21191D2C2400C6587A /* main.m in Sources */,
			);
			runOnlyForDeploymentPostprocessing = 0;
		};
/* End PBXSourcesBuildPhase section */

/* Begin XCBuildConfiguration section */
		52E04B26191D2C2400C6587A /* Debug */ = {
			isa = XCBuildConfiguration;
			buildSettings = {
				ALWAYS_SEARCH_USER_PATHS = NO;
				CLANG_CXX_LANGUAGE_STANDARD = "gnu++0x";
				CLANG_CXX_LIBRARY = "libc++";
				CLANG_ENABLE_MODULES = YES;
				CLANG_ENABLE_OBJC_ARC = YES;
				CLANG_WARN_BOOL_CONVERSION = YES;
				CLANG_WARN_CONSTANT_CONVERSION = YES;
				CLANG_WARN_DIRECT_OBJC_ISA_USAGE = YES_ERROR;
				CLANG_WARN_EMPTY_BODY = YES;
				CLANG_WARN_ENUM_CONVERSION = YES;
				CLANG_WARN_INT_CONVERSION = YES;
				CLANG_WARN_OBJC_ROOT_CLASS = YES_ERROR;
				CLANG_WARN__DUPLICATE_METHOD_MATCH = YES;
				COPY_PHASE_STRIP = NO;
				GCC_C_LANGUAGE_STANDARD = gnu99;
				GCC_DYNAMIC_NO_PIC = NO;
				GCC_ENABLE_OBJC_EXCEPTIONS = YES;
				GCC_OPTIMIZATION_LEVEL = 0;
				GCC_PREPROCESSOR_DEFINITIONS = (
					"DEBUG=1",
					"$(inherited)",
				);
				GCC_SYMBOLS_PRIVATE_EXTERN = NO;
				GCC_WARN_64_TO_32_BIT_CONVERSION = YES;
				GCC_WARN_ABOUT_RETURN_TYPE = YES_ERROR;
				GCC_WARN_UNDECLARED_SELECTOR = YES;
				GCC_WARN_UNINITIALIZED_AUTOS = YES_AGGRESSIVE;
				GCC_WARN_UNUSED_FUNCTION = YES;
				GCC_WARN_UNUSED_VARIABLE = YES;
				MACOSX_DEPLOYMENT_TARGET = 10.9;
				ONLY_ACTIVE_ARCH = YES;
				SDKROOT = macosx;
			};
			name = Debug;
		};
		52E04B27191D2C2400C6587A /* Release */ = {
			isa = XCBuildConfiguration;
			buildSettings = {
				ALWAYS_SEARCH_USER_PATHS = NO;
				CLANG_CXX_LANGUAGE_STANDARD = "gnu++0x";
				CLANG_CXX_LIBRARY = "libc++";
				CLANG_ENABLE_MODULES = YES;
				CLANG_ENABLE_OBJC_ARC = YES;
				CLANG_WARN_BOOL_CONVERSION = YES;
				CLANG_WARN_CONSTANT_CONVERSION = YES;
				CLANG_WARN_DIRECT_OBJC_ISA_USAGE = YES_ERROR;
				CLANG_WARN_EMPTY_BODY = YES;
				CLANG_WARN_ENUM_CONVERSION = YES;
				CLANG_WARN_INT_CONVERSION = YES;
				CLANG_WARN_OBJC_ROOT_CLASS = YES_ERROR;
				CLANG_WARN__DUPLICATE_METHOD_MATCH = YES;
				COPY_PHASE_STRIP = YES;
				DEBUG_INFORMATION_FORMAT = "dwarf-with-dsym";
				ENABLE_NS_ASSERTIONS = NO;
				GCC_C_LANGUAGE_STANDARD = gnu99;
				GCC_ENABLE_OBJC_EXCEPTIONS = YES;
				GCC_WARN_64_TO_32_BIT_CONVERSION = YES;
				GCC_WARN_ABOUT_RETURN_TYPE = YES_ERROR;
				GCC_WARN_UNDECLARED_SELECTOR = YES;
				GCC_WARN_UNINITIALIZED_AUTOS = YES_AGGRESSIVE;
				GCC_WARN_UNUSED_FUNCTION = YES;
				GCC_WARN_UNUSED_VARIABLE = YES;
				MACOSX_DEPLOYMENT_TARGET = 10.9;
				SDKROOT = macosx;
			};
			name = Release;
		};
		52E04B29191D2C2400C6587A /* Debug */ = {
			isa = XCBuildConfiguration;
			buildSettings = {
				GCC_PRECOMPILE_PREFIX_HEADER = YES;
				GCC_PREFIX_HEADER = "OSXBasicExample/OSXBasicExample-Prefix.pch";
				HEADER_SEARCH_PATHS = ../;
				LIBRARY_SEARCH_PATHS = ../build/Release;
				PRODUCT_NAME = "$(TARGET_NAME)";
			};
			name = Debug;
		};
		52E04B2A191D2C2400C6587A /* Release */ = {
			isa = XCBuildConfiguration;
			buildSettings = {
				GCC_PRECOMPILE_PREFIX_HEADER = YES;
				GCC_PREFIX_HEADER = "OSXBasicExample/OSXBasicExample-Prefix.pch";
				HEADER_SEARCH_PATHS = ../;
				LIBRARY_SEARCH_PATHS = ../build/Release;
				PRODUCT_NAME = "$(TARGET_NAME)";
			};
			name = Release;
		};
/* End XCBuildConfiguration section */

/* Begin XCConfigurationList section */
		52E04B15191D2C2400C6587A /* Build configuration list for PBXProject "OSXBasicExample" */ = {
			isa = XCConfigurationList;
			buildConfigurations = (
				52E04B26191D2C2400C6587A /* Debug */,
				52E04B27191D2C2400C6587A /* Release */,
			);
			defaultConfigurationIsVisible = 0;
			defaultConfigurationName = Release;
		};
		52E04B28191D2C2400C6587A /* Build configuration list for PBXNativeTarget "OSXBasicExample" */ = {
			isa = XCConfigurationList;
			buildConfigurations = (
				52E04B29191D2C2400C6587A /* Debug */,
				52E04B2A191D2C2400C6587A /* Release */,
			);
			defaultConfigurationIsVisible = 0;
			defaultConfigurationName = Release;
		};
/* End XCConfigurationList section */
	};
	rootObject = 52E04B12191D2C2400C6587A /* Project object */;
}
